
Microsoft Visual Studio Solution File, Format Version 12.00
# Visual Studio Version 17
VisualStudioVersion = 17.12.35527.113
MinimumVisualStudioVersion = 10.0.40219.1
Project("{FAE04EC0-301F-11D3-BF4B-00C04F79EFBC}") = "PROYECTO-MAD", "PROYECTO-MAD\PROYECTO-MAD.csproj", "{99C4144C-5261-43F8-8DDA-73A370D93DC5}"
EndProject
Project("{2150E333-8FDC-42A3-9474-1A3956D46DE8}") = "Elementos de la solución", "Elementos de la solución", "{1E09E3FA-F3AC-44FC-AF9F-D5817A2A696E}"
EndProject
Global
	GlobalSection(SolutionConfigurationPlatforms) = preSolution
		Debug|Any CPU = Debug|Any CPU
		Release|Any CPU = Release|Any CPU
	EndGlobalSection
	GlobalSection(ProjectConfigurationPlatforms) = postSolution
		{99C4144C-5261-43F8-8DDA-73A370D93DC5}.Debug|Any CPU.ActiveCfg = Debug|Any CPU
		{99C4144C-5261-43F8-8DDA-73A370D93DC5}.Debug|Any CPU.Build.0 = Debug|Any CPU
		{99C4144C-5261-43F8-8DDA-73A370D93DC5}.Release|Any CPU.ActiveCfg = Release|Any CPU
		{99C4144C-5261-43F8-8DDA-73A370D93DC5}.Release|Any CPU.Build.0 = Release|Any CPU
	EndGlobalSection
	GlobalSection(SolutionProperties) = preSolution
		HideSolutionNode = FALSE
	EndGlobalSection
EndGlobal
